
Microsoft Visual Studio Solution File, Format Version 12.00
# Visual Studio Version 17
VisualStudioVersion = 17.1.32421.90
MinimumVisualStudioVersion = 10.0.40219.1
Project("{FAE04EC0-301F-11D3-BF4B-00C04F79EFBC}") = "PickACardUI", "PickACardUI\PickACardUI.csproj", "{3FC19CC0-FF47-42A1-A04C-16129589CA42}"
EndProject
Global
	GlobalSection(SolutionConfigurationPlatforms) = preSolution
		Debug|Any CPU = Debug|Any CPU
		Release|Any CPU = Release|Any CPU
	EndGlobalSection
	GlobalSection(ProjectConfigurationPlatforms) = postSolution
		{3FC19CC0-FF47-42A1-A04C-16129589CA42}.Debug|Any CPU.ActiveCfg = Debug|Any CPU
		{3FC19CC0-FF47-42A1-A04C-16129589CA42}.Debug|Any CPU.Build.0 = Debug|Any CPU
		{3FC19CC0-FF47-42A1-A04C-16129589CA42}.Release|Any CPU.ActiveCfg = Release|Any CPU
		{3FC19CC0-FF47-42A1-A04C-16129589CA42}.Release|Any CPU.Build.0 = Release|Any CPU
	EndGlobalSection
	GlobalSection(SolutionProperties) = preSolution
		HideSolutionNode = FALSE
	EndGlobalSection
	GlobalSection(ExtensibilityGlobals) = postSolution
		SolutionGuid = {5CB06856-91D8-42DD-9C2E-0F4409889D83}
	EndGlobalSection
EndGlobal
